// !$*UTF8*$!
{
	archiveVersion = 1;
	classes = {
	};
	objectVersion = 55;
	objects = {

/* Begin PBXBuildFile section */
		BF6FCD7729585164009C1F13 /* Card.swift in Sources */ = {isa = PBXBuildFile; fileRef = BF6FCD7629585164009C1F13 /* Card.swift */; };
		BF6FCD7929585171009C1F13 /* DBViewModel.swift in Sources */ = {isa = PBXBuildFile; fileRef = BF6FCD7829585171009C1F13 /* DBViewModel.swift */; };
		BF6FCD7C295851F9009C1F13 /* Realm in Frameworks */ = {isa = PBXBuildFile; productRef = BF6FCD7B295851F9009C1F13 /* Realm */; };
		BF6FCD7E295851F9009C1F13 /* RealmSwift in Frameworks */ = {isa = PBXBuildFile; productRef = BF6FCD7D295851F9009C1F13 /* RealmSwift */; };
		BFCB83AE296C0B7D0055396F /* README.md in Resources */ = {isa = PBXBuildFile; fileRef = BFCB83AD296C0B7D0055396F /* README.md */; };
		BFE6DA2E2958508700D89C5C /* RealmSwift_iOSApp.swift in Sources */ = {isa = PBXBuildFile; fileRef = BFE6DA2D2958508700D89C5C /* RealmSwift_iOSApp.swift */; };
		BFE6DA302958508700D89C5C /* ContentView.swift in Sources */ = {isa = PBXBuildFile; fileRef = BFE6DA2F2958508700D89C5C /* ContentView.swift */; };
		BFE6DA322958508800D89C5C /* Assets.xcassets in Resources */ = {isa = PBXBuildFile; fileRef = BFE6DA312958508800D89C5C /* Assets.xcassets */; };
		BFE6DA352958508800D89C5C /* Preview Assets.xcassets in Resources */ = {isa = PBXBuildFile; fileRef = BFE6DA342958508800D89C5C /* Preview Assets.xcassets */; };
		BFE6DA3F2958510200D89C5C /* AddPageView.swift in Sources */ = {isa = PBXBuildFile; fileRef = BFE6DA3E2958510200D89C5C /* AddPageView.swift */; };
/* End PBXBuildFile section */

/* Begin PBXFileReference section */
		BF6FCD7629585164009C1F13 /* Card.swift */ = {isa = PBXFileReference; lastKnownFileType = sourcecode.swift; path = Card.swift; sourceTree = "<group>"; };
		BF6FCD7829585171009C1F13 /* DBViewModel.swift */ = {isa = PBXFileReference; lastKnownFileType = sourcecode.swift; path = DBViewModel.swift; sourceTree = "<group>"; };
		BFCB83AD296C0B7D0055396F /* README.md */ = {isa = PBXFileReference; fileEncoding = 4; lastKnownFileType = net.daringfireball.markdown; path = README.md; sourceTree = "<group>"; };
		BFE6DA2A2958508700D89C5C /* RealmSwift-iOS.app */ = {isa = PBXFileReference; explicitFileType = wrapper.application; includeInIndex = 0; path = "RealmSwift-iOS.app"; sourceTree = BUILT_PRODUCTS_DIR; };
		BFE6DA2D2958508700D89C5C /* RealmSwift_iOSApp.swift */ = {isa = PBXFileReference; lastKnownFileType = sourcecode.swift; path = RealmSwift_iOSApp.swift; sourceTree = "<group>"; };
		BFE6DA2F2958508700D89C5C /* ContentView.swift */ = {isa = PBXFileReference; lastKnownFileType = sourcecode.swift; path = ContentView.swift; sourceTree = "<group>"; };
		BFE6DA312958508800D89C5C /* Assets.xcassets */ = {isa = PBXFileReference; lastKnownFileType = folder.assetcatalog; path = Assets.xcassets; sourceTree = "<group>"; };
		BFE6DA342958508800D89C5C /* Preview Assets.xcassets */ = {isa = PBXFileReference; lastKnownFileType = folder.assetcatalog; path = "Preview Assets.xcassets"; sourceTree = "<group>"; };
		BFE6DA3E2958510200D89C5C /* AddPageView.swift */ = {isa = PBXFileReference; lastKnownFileType = sourcecode.swift; path = AddPageView.swift; sourceTree = "<group>"; };
/* End PBXFileReference section */

/* Begin PBXFrameworksBuildPhase section */
		BFE6DA272958508700D89C5C /* Frameworks */ = {
			isa = PBXFrameworksBuildPhase;
			buildActionMask = 2147483647;
			files = (
				BF6FCD7E295851F9009C1F13 /* RealmSwift in Frameworks */,
				BF6FCD7C295851F9009C1F13 /* Realm in Frameworks */,
			);
			runOnlyForDeploymentPostprocessing = 0;
		};
/* End PBXFrameworksBuildPhase section */

/* Begin PBXGroup section */
		BFE6DA212958508700D89C5C = {
			isa = PBXGroup;
			children = (
				BFCB83AD296C0B7D0055396F /* README.md */,
				BFE6DA2C2958508700D89C5C /* RealmSwift-iOS */,
				BFE6DA2B2958508700D89C5C /* Products */,
			);
			sourceTree = "<group>";
		};
		BFE6DA2B2958508700D89C5C /* Products */ = {
			isa = PBXGroup;
			children = (
				BFE6DA2A2958508700D89C5C /* RealmSwift-iOS.app */,
			);
			name = Products;
			sourceTree = "<group>";
		};
		BFE6DA2C2958508700D89C5C /* RealmSwift-iOS */ = {
			isa = PBXGroup;
			children = (
				BFE6DA3D295850BE00D89C5C /* ModelView */,
				BFE6DA3C295850B200D89C5C /* Model */,
				BFE6DA3B295850A300D89C5C /* View */,
				BFE6DA2D2958508700D89C5C /* RealmSwift_iOSApp.swift */,
				BFE6DA312958508800D89C5C /* Assets.xcassets */,
				BFE6DA332958508800D89C5C /* Preview Content */,
			);
			path = "RealmSwift-iOS";
			sourceTree = "<group>";
		};
		BFE6DA332958508800D89C5C /* Preview Content */ = {
			isa = PBXGroup;
			children = (
				BFE6DA342958508800D89C5C /* Preview Assets.xcassets */,
			);
			path = "Preview Content";
			sourceTree = "<group>";
		};
		BFE6DA3B295850A300D89C5C /* View */ = {
			isa = PBXGroup;
			children = (
				BFE6DA2F2958508700D89C5C /* ContentView.swift */,
				BFE6DA3E2958510200D89C5C /* AddPageView.swift */,
			);
			path = View;
			sourceTree = "<group>";
		};
		BFE6DA3C295850B200D89C5C /* Model */ = {
			isa = PBXGroup;
			children = (
				BF6FCD7629585164009C1F13 /* Card.swift */,
			);
			path = Model;
			sourceTree = "<group>";
		};
		BFE6DA3D295850BE00D89C5C /* ModelView */ = {
			isa = PBXGroup;
			children = (
				BF6FCD7829585171009C1F13 /* DBViewModel.swift */,
			);
			path = ModelView;
			sourceTree = "<group>";
		};
/* End PBXGroup section */

/* Begin PBXNativeTarget section */
		BFE6DA292958508700D89C5C /* RealmSwift-iOS */ = {
			isa = PBXNativeTarget;
			buildConfigurationList = BFE6DA382958508800D89C5C /* Build configuration list for PBXNativeTarget "RealmSwift-iOS" */;
			buildPhases = (
				BFE6DA262958508700D89C5C /* Sources */,
				BFE6DA272958508700D89C5C /* Frameworks */,
				BFE6DA282958508700D89C5C /* Resources */,
			);
			buildRules = (
			);
			dependencies = (
			);
			name = "RealmSwift-iOS";
			packageProductDependencies = (
				BF6FCD7B295851F9009C1F13 /* Realm */,
				BF6FCD7D295851F9009C1F13 /* RealmSwift */,
			);
			productName = "RealmSwift-iOS";
			productReference = BFE6DA2A2958508700D89C5C /* RealmSwift-iOS.app */;
			productType = "com.apple.product-type.application";
		};
/* End PBXNativeTarget section */

/* Begin PBXProject section */
		BFE6DA222958508700D89C5C /* Project object */ = {
			isa = PBXProject;
			attributes = {
				BuildIndependentTargetsInParallel = 1;
				LastSwiftUpdateCheck = 1340;
				LastUpgradeCheck = 1340;
				TargetAttributes = {
					BFE6DA292958508700D89C5C = {
						CreatedOnToolsVersion = 13.4.1;
					};
				};
			};
			buildConfigurationList = BFE6DA252958508700D89C5C /* Build configuration list for PBXProject "RealmSwift-iOS" */;
			compatibilityVersion = "Xcode 13.0";
			developmentRegion = en;
			hasScannedForEncodings = 0;
			knownRegions = (
				en,
				Base,
			);
			mainGroup = BFE6DA212958508700D89C5C;
			packageReferences = (
				BF6FCD7A295851F9009C1F13 /* XCRemoteSwiftPackageReference "realm-swift" */,
			);
			productRefGroup = BFE6DA2B2958508700D89C5C /* Products */;
			projectDirPath = "";
			projectRoot = "";
			targets = (
				BFE6DA292958508700D89C5C /* RealmSwift-iOS */,
			);
		};
/* End PBXProject section */

/* Begin PBXResourcesBuildPhase section */
		BFE6DA282958508700D89C5C /* Resources */ = {
			isa = PBXResourcesBuildPhase;
			buildActionMask = 2147483647;
			files = (
				BFCB83AE296C0B7D0055396F /* README.md in Resources */,
				BFE6DA352958508800D89C5C /* Preview Assets.xcassets in Resources */,
				BFE6DA322958508800D89C5C /* Assets.xcassets in Resources */,
			);
			runOnlyForDeploymentPostprocessing = 0;
		};
/* End PBXResourcesBuildPhase section */

/* Begin PBXSourcesBuildPhase section */
		BFE6DA262958508700D89C5C /* Sources */ = {
			isa = PBXSourcesBuildPhase;
			buildActionMask = 2147483647;
			files = (
				BFE6DA302958508700D89C5C /* ContentView.swift in Sources */,
				BF6FCD7929585171009C1F13 /* DBViewModel.swift in Sources */,
				BFE6DA3F2958510200D89C5C /* AddPageView.swift in Sources */,
				BFE6DA2E2958508700D89C5C /* RealmSwift_iOSApp.swift in Sources */,
				BF6FCD7729585164009C1F13 /* Card.swift in Sources */,
			);
			runOnlyForDeploymentPostprocessing = 0;
		};
/* End PBXSourcesBuildPhase section */

/* Begin XCBuildConfiguration section */
		BFE6DA362958508800D89C5C /* Debug */ = {
			isa = XCBuildConfiguration;
			buildSettings = {
				ALWAYS_SEARCH_USER_PATHS = NO;
				CLANG_ANALYZER_NONNULL = YES;
				CLANG_ANALYZER_NUMBER_OBJECT_CONVERSION = YES_AGGRESSIVE;
				CLANG_CXX_LANGUAGE_STANDARD = "gnu++17";
				CLANG_ENABLE_MODULES = YES;
				CLANG_ENABLE_OBJC_ARC = YES;
				CLANG_ENABLE_OBJC_WEAK = YES;
				CLANG_WARN_BLOCK_CAPTURE_AUTORELEASING = YES;
				CLANG_WARN_BOOL_CONVERSION = YES;
				CLANG_WARN_COMMA = YES;
				CLANG_WARN_CONSTANT_CONVERSION = YES;
				CLANG_WARN_DEPRECATED_OBJC_IMPLEMENTATIONS = YES;
				CLANG_WARN_DIRECT_OBJC_ISA_USAGE = YES_ERROR;
				CLANG_WARN_DOCUMENTATION_COMMENTS = YES;
				CLANG_WARN_EMPTY_BODY = YES;
				CLANG_WARN_ENUM_CONVERSION = YES;
				CLANG_WARN_INFINITE_RECURSION = YES;
				CLANG_WARN_INT_CONVERSION = YES;
				CLANG_WARN_NON_LITERAL_NULL_CONVERSION = YES;
				CLANG_WARN_OBJC_IMPLICIT_RETAIN_SELF = YES;
				CLANG_WARN_OBJC_LITERAL_CONVERSION = YES;
				CLANG_WARN_OBJC_ROOT_CLASS = YES_ERROR;
				CLANG_WARN_QUOTED_INCLUDE_IN_FRAMEWORK_HEADER = YES;
				CLANG_WARN_RANGE_LOOP_ANALYSIS = YES;
				CLANG_WARN_STRICT_PROTOTYPES = YES;
				CLANG_WARN_SUSPICIOUS_MOVE = YES;
				CLANG_WARN_UNGUARDED_AVAILABILITY = YES_AGGRESSIVE;
				CLANG_WARN_UNREACHABLE_CODE = YES;
				CLANG_WARN__DUPLICATE_METHOD_MATCH = YES;
				COPY_PHASE_STRIP = NO;
				DEBUG_INFORMATION_FORMAT = dwarf;
				ENABLE_STRICT_OBJC_MSGSEND = YES;
				ENABLE_TESTABILITY = YES;
				GCC_C_LANGUAGE_STANDARD = gnu11;
				GCC_DYNAMIC_NO_PIC = NO;
				GCC_NO_COMMON_BLOCKS = YES;
				GCC_OPTIMIZATION_LEVEL = 0;
				GCC_PREPROCESSOR_DEFINITIONS = (
					"DEBUG=1",
					"$(inherited)",
				);
				GCC_WARN_64_TO_32_BIT_CONVERSION = YES;
				GCC_WARN_ABOUT_RETURN_TYPE = YES_ERROR;
				GCC_WARN_UNDECLARED_SELECTOR = YES;
				GCC_WARN_UNINITIALIZED_AUTOS = YES_AGGRESSIVE;
				GCC_WARN_UNUSED_FUNCTION = YES;
				GCC_WARN_UNUSED_VARIABLE = YES;
				IPHONEOS_DEPLOYMENT_TARGET = 15.5;
				MTL_ENABLE_DEBUG_INFO = INCLUDE_SOURCE;
				MTL_FAST_MATH = YES;
				ONLY_ACTIVE_ARCH = YES;
				SDKROOT = iphoneos;
				SWIFT_ACTIVE_COMPILATION_CONDITIONS = DEBUG;
				SWIFT_OPTIMIZATION_LEVEL = "-Onone";
			};
			name = Debug;
		};
		BFE6DA372958508800D89C5C /* Release */ = {
			isa = XCBuildConfiguration;
			buildSettings = {
				ALWAYS_SEARCH_USER_PATHS = NO;
				CLANG_ANALYZER_NONNULL = YES;
				CLANG_ANALYZER_NUMBER_OBJECT_CONVERSION = YES_AGGRESSIVE;
				CLANG_CXX_LANGUAGE_STANDARD = "gnu++17";
				CLANG_ENABLE_MODULES = YES;
				CLANG_ENABLE_OBJC_ARC = YES;
				CLANG_ENABLE_OBJC_WEAK = YES;
				CLANG_WARN_BLOCK_CAPTURE_AUTORELEASING = YES;
				CLANG_WARN_BOOL_CONVERSION = YES;
				CLANG_WARN_COMMA = YES;
				CLANG_WARN_CONSTANT_CONVERSION = YES;
				CLANG_WARN_DEPRECATED_OBJC_IMPLEMENTATIONS = YES;
				CLANG_WARN_DIRECT_OBJC_ISA_USAGE = YES_ERROR;
				CLANG_WARN_DOCUMENTATION_COMMENTS = YES;
				CLANG_WARN_EMPTY_BODY = YES;
				CLANG_WARN_ENUM_CONVERSION = YES;
				CLANG_WARN_INFINITE_RECURSION = YES;
				CLANG_WARN_INT_CONVERSION = YES;
				CLANG_WARN_NON_LITERAL_NULL_CONVERSION = YES;
				CLANG_WARN_OBJC_IMPLICIT_RETAIN_SELF = YES;
				CLANG_WARN_OBJC_LITERAL_CONVERSION = YES;
				CLANG_WARN_OBJC_ROOT_CLASS = YES_ERROR;
				CLANG_WARN_QUOTED_INCLUDE_IN_FRAMEWORK_HEADER = YES;
				CLANG_WARN_RANGE_LOOP_ANALYSIS = YES;
				CLANG_WARN_STRICT_PROTOTYPES = YES;
				CLANG_WARN_SUSPICIOUS_MOVE = YES;
				CLANG_WARN_UNGUARDED_AVAILABILITY = YES_AGGRESSIVE;
				CLANG_WARN_UNREACHABLE_CODE = YES;
				CLANG_WARN__DUPLICATE_METHOD_MATCH = YES;
				COPY_PHASE_STRIP = NO;
				DEBUG_INFORMATION_FORMAT = "dwarf-with-dsym";
				ENABLE_NS_ASSERTIONS = NO;
				ENABLE_STRICT_OBJC_MSGSEND = YES;
				GCC_C_LANGUAGE_STANDARD = gnu11;
				GCC_NO_COMMON_BLOCKS = YES;
				GCC_WARN_64_TO_32_BIT_CONVERSION = YES;
				GCC_WARN_ABOUT_RETURN_TYPE = YES_ERROR;
				GCC_WARN_UNDECLARED_SELECTOR = YES;
				GCC_WARN_UNINITIALIZED_AUTOS = YES_AGGRESSIVE;
				GCC_WARN_UNUSED_FUNCTION = YES;
				GCC_WARN_UNUSED_VARIABLE = YES;
				IPHONEOS_DEPLOYMENT_TARGET = 15.5;
				MTL_ENABLE_DEBUG_INFO = NO;
				MTL_FAST_MATH = YES;
				SDKROOT = iphoneos;
				SWIFT_COMPILATION_MODE = wholemodule;
				SWIFT_OPTIMIZATION_LEVEL = "-O";
				VALIDATE_PRODUCT = YES;
			};
			name = Release;
		};
		BFE6DA392958508800D89C5C /* Debug */ = {
			isa = XCBuildConfiguration;
			buildSettings = {
				ASSETCATALOG_COMPILER_APPICON_NAME = AppIcon;
				ASSETCATALOG_COMPILER_GLOBAL_ACCENT_COLOR_NAME = AccentColor;
				CODE_SIGN_STYLE = Automatic;
				CURRENT_PROJECT_VERSION = 1;
				DEVELOPMENT_ASSET_PATHS = "\"RealmSwift-iOS/Preview Content\"";
				DEVELOPMENT_TEAM = XD3VKYQ3LZ;
				ENABLE_PREVIEWS = YES;
				GENERATE_INFOPLIST_FILE = YES;
				INFOPLIST_KEY_UIApplicationSceneManifest_Generation = YES;
				INFOPLIST_KEY_UIApplicationSupportsIndirectInputEvents = YES;
				INFOPLIST_KEY_UILaunchScreen_Generation = YES;
				INFOPLIST_KEY_UISupportedInterfaceOrientations_iPad = "UIInterfaceOrientationPortrait UIInterfaceOrientationPortraitUpsideDown UIInterfaceOrientationLandscapeLeft UIInterfaceOrientationLandscapeRight";
				INFOPLIST_KEY_UISupportedInterfaceOrientations_iPhone = "UIInterfaceOrientationPortrait UIInterfaceOrientationLandscapeLeft UIInterfaceOrientationLandscapeRight";
				LD_RUNPATH_SEARCH_PATHS = (
					"$(inherited)",
					"@executable_path/Frameworks",
				);
				MARKETING_VERSION = 1.0;
				PRODUCT_BUNDLE_IDENTIFIER = "net.moburo.RealmSwift-iOS.RealmSwift-iOS";
				PRODUCT_NAME = "$(TARGET_NAME)";
				SWIFT_EMIT_LOC_STRINGS = YES;
				SWIFT_VERSION = 5.0;
				TARGETED_DEVICE_FAMILY = "1,2";
			};
			name = Debug;
		};
		BFE6DA3A2958508800D89C5C /* Release */ = {
			isa = XCBuildConfiguration;
			buildSettings = {
				ASSETCATALOG_COMPILER_APPICON_NAME = AppIcon;
				ASSETCATALOG_COMPILER_GLOBAL_ACCENT_COLOR_NAME = AccentColor;
				CODE_SIGN_STYLE = Automatic;
				CURRENT_PROJECT_VERSION = 1;
				DEVELOPMENT_ASSET_PATHS = "\"RealmSwift-iOS/Preview Content\"";
				DEVELOPMENT_TEAM = XD3VKYQ3LZ;
				ENABLE_PREVIEWS = YES;
				GENERATE_INFOPLIST_FILE = YES;
				INFOPLIST_KEY_UIApplicationSceneManifest_Generation = YES;
				INFOPLIST_KEY_UIApplicationSupportsIndirectInputEvents = YES;
				INFOPLIST_KEY_UILaunchScreen_Generation = YES;
				INFOPLIST_KEY_UISupportedInterfaceOrientations_iPad = "UIInterfaceOrientationPortrait UIInterfaceOrientationPortraitUpsideDown UIInterfaceOrientationLandscapeLeft UIInterfaceOrientationLandscapeRight";
				INFOPLIST_KEY_UISupportedInterfaceOrientations_iPhone = "UIInterfaceOrientationPortrait UIInterfaceOrientationLandscapeLeft UIInterfaceOrientationLandscapeRight";
				LD_RUNPATH_SEARCH_PATHS = (
					"$(inherited)",
					"@executable_path/Frameworks",
				);
				MARKETING_VERSION = 1.0;
				PRODUCT_BUNDLE_IDENTIFIER = "net.moburo.RealmSwift-iOS.RealmSwift-iOS";
				PRODUCT_NAME = "$(TARGET_NAME)";
				SWIFT_EMIT_LOC_STRINGS = YES;
				SWIFT_VERSION = 5.0;
				TARGETED_DEVICE_FAMILY = "1,2";
			};
			name = Release;
		};
/* End XCBuildConfiguration section */

/* Begin XCConfigurationList section */
		BFE6DA252958508700D89C5C /* Build configuration list for PBXProject "RealmSwift-iOS" */ = {
			isa = XCConfigurationList;
			buildConfigurations = (
				BFE6DA362958508800D89C5C /* Debug */,
				BFE6DA372958508800D89C5C /* Release */,
			);
			defaultConfigurationIsVisible = 0;
			defaultConfigurationName = Release;
		};
		BFE6DA382958508800D89C5C /* Build configuration list for PBXNativeTarget "RealmSwift-iOS" */ = {
			isa = XCConfigurationList;
			buildConfigurations = (
				BFE6DA392958508800D89C5C /* Debug */,
				BFE6DA3A2958508800D89C5C /* Release */,
			);
			defaultConfigurationIsVisible = 0;
			defaultConfigurationName = Release;
		};
/* End XCConfigurationList section */

/* Begin XCRemoteSwiftPackageReference section */
		BF6FCD7A295851F9009C1F13 /* XCRemoteSwiftPackageReference "realm-swift" */ = {
			isa = XCRemoteSwiftPackageReference;
			repositoryURL = "https://github.com/realm/realm-swift.git";
			requirement = {
				branch = master;
				kind = branch;
			};
		};
/* End XCRemoteSwiftPackageReference section */

/* Begin XCSwiftPackageProductDependency section */
		BF6FCD7B295851F9009C1F13 /* Realm */ = {
			isa = XCSwiftPackageProductDependency;
			package = BF6FCD7A295851F9009C1F13 /* XCRemoteSwiftPackageReference "realm-swift" */;
			productName = Realm;
		};
		BF6FCD7D295851F9009C1F13 /* RealmSwift */ = {
			isa = XCSwiftPackageProductDependency;
			package = BF6FCD7A295851F9009C1F13 /* XCRemoteSwiftPackageReference "realm-swift" */;
			productName = RealmSwift;
		};
/* End XCSwiftPackageProductDependency section */
	};
	rootObject = BFE6DA222958508700D89C5C /* Project object */;
}
